
Microsoft Visual Studio Solution File, Format Version 12.00
# Visual Studio 14
VisualStudioVersion = 14.0.25420.1
MinimumVisualStudioVersion = 10.0.40219.1
Project("{2150E333-8FDC-42A3-9474-1A3956D46DE8}") = "src", "src", "{5B13F3A3-B055-4C34-84B2-717FC2D3579E}"
EndProject
Project("{2150E333-8FDC-42A3-9474-1A3956D46DE8}") = "Solution Items", "Solution Items", "{237B771B-2891-4C43-BBCF-FA3F9DF16AB2}"
	ProjectSection(SolutionItems) = preProject
		global.json = global.json
	EndProjectSection
EndProject
Project("{8BB2217D-0F2D-49D1-97BC-3654ED321F3B}") = "NTWebApp", "src\TTechInvoiceManager\NTWebApp.xproj", "{5CC4D46F-92FC-4965-994E-9408AAE462BA}"
EndProject
Global
	GlobalSection(SolutionConfigurationPlatforms) = preSolution
		Debug|Any CPU = Debug|Any CPU
		Release|Any CPU = Release|Any CPU
	EndGlobalSection
	GlobalSection(ProjectConfigurationPlatforms) = postSolution
		{5CC4D46F-92FC-4965-994E-9408AAE462BA}.Debug|Any CPU.ActiveCfg = Debug|Any CPU
		{5CC4D46F-92FC-4965-994E-9408AAE462BA}.Debug|Any CPU.Build.0 = Debug|Any CPU
		{5CC4D46F-92FC-4965-994E-9408AAE462BA}.Release|Any CPU.ActiveCfg = Release|Any CPU
		{5CC4D46F-92FC-4965-994E-9408AAE462BA}.Release|Any CPU.Build.0 = Release|Any CPU
	EndGlobalSection
	GlobalSection(SolutionProperties) = preSolution
		HideSolutionNode = FALSE
	EndGlobalSection
	GlobalSection(NestedProjects) = preSolution
		{5CC4D46F-92FC-4965-994E-9408AAE462BA} = {5B13F3A3-B055-4C34-84B2-717FC2D3579E}
	EndGlobalSection
EndGlobal
