
Microsoft Visual Studio Solution File, Format Version 12.00
# Visual Studio 14
VisualStudioVersion = 14.0.25420.1
MinimumVisualStudioVersion = 10.0.40219.1
Project("{2150E333-8FDC-42A3-9474-1A3956D46DE8}") = "src", "src", "{3A94C5D8-94D5-4DCB-96C7-DC9689B9B77E}"
EndProject
Project("{2150E333-8FDC-42A3-9474-1A3956D46DE8}") = "Solution Items", "Solution Items", "{CF588D8D-7688-45D0-9865-EBED98F59726}"
	ProjectSection(SolutionItems) = preProject
		global.json = global.json
	EndProjectSection
EndProject
Project("{8BB2217D-0F2D-49D1-97BC-3654ED321F3B}") = "MVCWebApp", "src\MVCWebApp\MVCWebApp.xproj", "{1B3EC54B-EE27-48DE-BEAD-A3BD498E4790}"
EndProject
Project("{8BB2217D-0F2D-49D1-97BC-3654ED321F3B}") = "NETDateTime", "src\NETDateTime\NETDateTime.xproj", "{2F21A83B-819D-438B-932E-90E07175687E}"
EndProject
Global
	GlobalSection(SolutionConfigurationPlatforms) = preSolution
		Debug|Any CPU = Debug|Any CPU
		Release|Any CPU = Release|Any CPU
	EndGlobalSection
	GlobalSection(ProjectConfigurationPlatforms) = postSolution
		{1B3EC54B-EE27-48DE-BEAD-A3BD498E4790}.Debug|Any CPU.ActiveCfg = Debug|Any CPU
		{1B3EC54B-EE27-48DE-BEAD-A3BD498E4790}.Debug|Any CPU.Build.0 = Debug|Any CPU
		{1B3EC54B-EE27-48DE-BEAD-A3BD498E4790}.Release|Any CPU.ActiveCfg = Release|Any CPU
		{1B3EC54B-EE27-48DE-BEAD-A3BD498E4790}.Release|Any CPU.Build.0 = Release|Any CPU
		{2F21A83B-819D-438B-932E-90E07175687E}.Debug|Any CPU.ActiveCfg = Debug|Any CPU
		{2F21A83B-819D-438B-932E-90E07175687E}.Debug|Any CPU.Build.0 = Debug|Any CPU
		{2F21A83B-819D-438B-932E-90E07175687E}.Release|Any CPU.ActiveCfg = Release|Any CPU
		{2F21A83B-819D-438B-932E-90E07175687E}.Release|Any CPU.Build.0 = Release|Any CPU
	EndGlobalSection
	GlobalSection(SolutionProperties) = preSolution
		HideSolutionNode = FALSE
	EndGlobalSection
	GlobalSection(NestedProjects) = preSolution
		{1B3EC54B-EE27-48DE-BEAD-A3BD498E4790} = {3A94C5D8-94D5-4DCB-96C7-DC9689B9B77E}
		{2F21A83B-819D-438B-932E-90E07175687E} = {3A94C5D8-94D5-4DCB-96C7-DC9689B9B77E}
	EndGlobalSection
EndGlobal
