
Microsoft Visual Studio Solution File, Format Version 12.00
# Visual Studio 14
VisualStudioVersion = 14.0.25420.1
MinimumVisualStudioVersion = 10.0.40219.1
Project("{2150E333-8FDC-42A3-9474-1A3956D46DE8}") = "src", "src", "{1D5B519E-3B85-4AE6-B5B1-A58D5761AC65}"
EndProject
Project("{2150E333-8FDC-42A3-9474-1A3956D46DE8}") = "Solution Items", "Solution Items", "{BD7AE247-A13D-4871-8E22-4DBDE197A8BE}"
	ProjectSection(SolutionItems) = preProject
		global.json = global.json
	EndProjectSection
EndProject
Project("{8BB2217D-0F2D-49D1-97BC-3654ED321F3B}") = "TTechIMCore", "src\TTechIMCore\TTechIMCore.xproj", "{2ADB4B02-EAF0-4CA0-9ABD-189CDE6FE7C1}"
EndProject
Global
	GlobalSection(SolutionConfigurationPlatforms) = preSolution
		Debug|Any CPU = Debug|Any CPU
		Release|Any CPU = Release|Any CPU
	EndGlobalSection
	GlobalSection(ProjectConfigurationPlatforms) = postSolution
		{2ADB4B02-EAF0-4CA0-9ABD-189CDE6FE7C1}.Debug|Any CPU.ActiveCfg = Debug|Any CPU
		{2ADB4B02-EAF0-4CA0-9ABD-189CDE6FE7C1}.Debug|Any CPU.Build.0 = Debug|Any CPU
		{2ADB4B02-EAF0-4CA0-9ABD-189CDE6FE7C1}.Release|Any CPU.ActiveCfg = Release|Any CPU
		{2ADB4B02-EAF0-4CA0-9ABD-189CDE6FE7C1}.Release|Any CPU.Build.0 = Release|Any CPU
	EndGlobalSection
	GlobalSection(SolutionProperties) = preSolution
		HideSolutionNode = FALSE
	EndGlobalSection
	GlobalSection(NestedProjects) = preSolution
		{2ADB4B02-EAF0-4CA0-9ABD-189CDE6FE7C1} = {1D5B519E-3B85-4AE6-B5B1-A58D5761AC65}
	EndGlobalSection
EndGlobal
